github.com/bwmarrin/discordgo v0.22.0 h1:uBxY1HmlVCsW1IuaPjpCGT6A2DBwRn0nvOguQIxDdFM=
github.com/bwmarrin/discordgo v0.22.0/go.mod h1:c1WtWUGN6nREDmzIpyTp/iD3VYt4Fpx+bVyfBG7JE+M=
github.com/gorilla/websocket v1.4.0 h1:WDFjx/TMzVgy9VdMMQi2K2Emtwi2QcUQsztZ/zLaH/Q=
github.com/gorilla/websocket v1.4.0/go.mod h1:E7qHFY5m1UJ88s3WnNqhKjPHQ0heANvMoAMk2YaljkQ=
github.com/uakci/jvozba v2.0.4-0.20201101180708-3b2a34018583+incompatible h1:wqG+/lK+CmPC/WC735dZcm4ann+4RCJcEXOhxtxDhFc=
github.com/uakci/jvozba/v2 v2.0.4-0.20201101180708-3b2a34018583 h1:qyy14fbAbKboIMzDFII3lko7udzxu2qgg2dKrPFD3Kc=
github.com/uakci/jvozba/v2 v2.0.4-0.20201101180708-3b2a34018583/go.mod h1:lZu3SKgB2EjsyGOJjswmX9c+XU5DFuCLQDD7O/8eFsA=
github.com/uakci/jvozba/v2 v2.0.4-0.20201101182926-05d815ace5cd h1:2qQQrBDZ4mMYPsQ82uIQrTwLohNlMYZzlJBUQd84aiM=
github.com/uakci/jvozba/v2 v2.0.4-0.20201101182926-05d815ace5cd/go.mod h1:lZu3SKgB2EjsyGOJjswmX9c+XU5DFuCLQDD7O/8eFsA=
github.com/uakci/jvozba/v2 v2.0.4-0.20201101185508-c0c9be37d7d8 h1:wEYoO7BQN5OIMqtxH/jTJtEj2Gy5JHiNx31BwX5Jz4k=
github.com/uakci/jvozba/v2 v2.0.4-0.20201101185508-c0c9be37d7d8/go.mod h1:lZu3SKgB2EjsyGOJjswmX9c+XU5DFuCLQDD7O/8eFsA=
golang.org/x/crypto v0.0.0-20181030102418-4d3f4d9ffa16 h1:y6ce7gCWtnH+m3dCjzQ1PCuwl28DDIc3VNnvY29DlIA=
golang.org/x/crypto v0.0.0-20181030102418-4d3f4d9ffa16/go.mod h1:6SG95UA2DQfeDnfUPMdvaQW0Q7yPrPDi9nlGo2tz2b4=
